
Microsoft Visual Studio Solution File, Format Version 12.00
# Visual Studio Version 17
VisualStudioVersion = 17.7.34221.43
MinimumVisualStudioVersion = 10.0.40219.1
Project("{9A19103F-16F7-4668-BE54-9A1E7A4F7556}") = "TrackiSwift", "TrackiSwift\TrackiSwift.csproj", "{9C6BF95E-3A28-4D3F-A180-620A2F70C9B8}"
EndProject
Project("{9A19103F-16F7-4668-BE54-9A1E7A4F7556}") = "TrackiSwift.Utility", "TrackiSwift.Utility\TrackiSwift.Utility.csproj", "{4C4AD45A-34A8-4AC9-A6F3-6595F9D31A0F}"
EndProject
Project("{9A19103F-16F7-4668-BE54-9A1E7A4F7556}") = "TrackiSwift.DataAccess", "TrackiSwift.DataAccess\TrackiSwift.DataAccess.csproj", "{86569607-2CB3-4EEB-808E-A7C7BC5E6DD6}"
EndProject
Project("{9A19103F-16F7-4668-BE54-9A1E7A4F7556}") = "TrackiSwift.Models", "TrackiSwift.Models\TrackiSwift.Models.csproj", "{0CF56B2D-8C85-477A-9EA8-61FAC2241A6A}"
EndProject
Global
	GlobalSection(SolutionConfigurationPlatforms) = preSolution
		Debug|Any CPU = Debug|Any CPU
		Release|Any CPU = Release|Any CPU
	EndGlobalSection
	GlobalSection(ProjectConfigurationPlatforms) = postSolution
		{9C6BF95E-3A28-4D3F-A180-620A2F70C9B8}.Debug|Any CPU.ActiveCfg = Debug|Any CPU
		{9C6BF95E-3A28-4D3F-A180-620A2F70C9B8}.Debug|Any CPU.Build.0 = Debug|Any CPU
		{9C6BF95E-3A28-4D3F-A180-620A2F70C9B8}.Release|Any CPU.ActiveCfg = Release|Any CPU
		{9C6BF95E-3A28-4D3F-A180-620A2F70C9B8}.Release|Any CPU.Build.0 = Release|Any CPU
		{4C4AD45A-34A8-4AC9-A6F3-6595F9D31A0F}.Debug|Any CPU.ActiveCfg = Debug|Any CPU
		{4C4AD45A-34A8-4AC9-A6F3-6595F9D31A0F}.Debug|Any CPU.Build.0 = Debug|Any CPU
		{4C4AD45A-34A8-4AC9-A6F3-6595F9D31A0F}.Release|Any CPU.ActiveCfg = Release|Any CPU
		{4C4AD45A-34A8-4AC9-A6F3-6595F9D31A0F}.Release|Any CPU.Build.0 = Release|Any CPU
		{86569607-2CB3-4EEB-808E-A7C7BC5E6DD6}.Debug|Any CPU.ActiveCfg = Debug|Any CPU
		{86569607-2CB3-4EEB-808E-A7C7BC5E6DD6}.Debug|Any CPU.Build.0 = Debug|Any CPU
		{86569607-2CB3-4EEB-808E-A7C7BC5E6DD6}.Release|Any CPU.ActiveCfg = Release|Any CPU
		{86569607-2CB3-4EEB-808E-A7C7BC5E6DD6}.Release|Any CPU.Build.0 = Release|Any CPU
		{0CF56B2D-8C85-477A-9EA8-61FAC2241A6A}.Debug|Any CPU.ActiveCfg = Debug|Any CPU
		{0CF56B2D-8C85-477A-9EA8-61FAC2241A6A}.Debug|Any CPU.Build.0 = Debug|Any CPU
		{0CF56B2D-8C85-477A-9EA8-61FAC2241A6A}.Release|Any CPU.ActiveCfg = Release|Any CPU
		{0CF56B2D-8C85-477A-9EA8-61FAC2241A6A}.Release|Any CPU.Build.0 = Release|Any CPU
	EndGlobalSection
	GlobalSection(SolutionProperties) = preSolution
		HideSolutionNode = FALSE
	EndGlobalSection
	GlobalSection(ExtensibilityGlobals) = postSolution
		SolutionGuid = {9D513CB2-E26E-4105-98BA-96FC2910CB06}
	EndGlobalSection
EndGlobal
